
Microsoft Visual Studio Solution File, Format Version 12.00
# Visual Studio Version 17
VisualStudioVersion = 17.14.36414.22 d17.14
MinimumVisualStudioVersion = 10.0.40219.1
Project("{FAE04EC0-301F-11D3-BF4B-00C04F79EFBC}") = "TrackPoint-Test", "TrackPoint-Test\TrackPoint-Test.csproj", "{A8D2C85B-4408-4C4D-897E-2E48478AB907}"
EndProject
Global
	GlobalSection(SolutionConfigurationPlatforms) = preSolution
		Debug|Any CPU = Debug|Any CPU
		Release|Any CPU = Release|Any CPU
	EndGlobalSection
	GlobalSection(ProjectConfigurationPlatforms) = postSolution
		{A8D2C85B-4408-4C4D-897E-2E48478AB907}.Debug|Any CPU.ActiveCfg = Debug|Any CPU
		{A8D2C85B-4408-4C4D-897E-2E48478AB907}.Debug|Any CPU.Build.0 = Debug|Any CPU
		{A8D2C85B-4408-4C4D-897E-2E48478AB907}.Release|Any CPU.ActiveCfg = Release|Any CPU
		{A8D2C85B-4408-4C4D-897E-2E48478AB907}.Release|Any CPU.Build.0 = Release|Any CPU
	EndGlobalSection
	GlobalSection(SolutionProperties) = preSolution
		HideSolutionNode = FALSE
	EndGlobalSection
	GlobalSection(ExtensibilityGlobals) = postSolution
		SolutionGuid = {C82D0CD1-ED60-48B3-8C61-F9FD548FE327}
	EndGlobalSection
EndGlobal
